// !$*UTF8*$!
{
	archiveVersion = 1;
	classes = {
	};
	objectVersion = 46;
	objects = {

/* Begin PBXBuildFile section */
		61172A6C4DBE2484A063EAC3 /* Pods_GHKFontTests.framework in Frameworks */ = {isa = PBXBuildFile; fileRef = AB4D3C1224AD9E657972E25C /* Pods_GHKFontTests.framework */; };
		8D8E7E11E5EC4B9602A42967 /* Pods_GHKFontUITests.framework in Frameworks */ = {isa = PBXBuildFile; fileRef = 1CF09727CA1F12349DB47F07 /* Pods_GHKFontUITests.framework */; };
		B0D8F30E71CF747F1F30A038 /* Pods_GHKFont.framework in Frameworks */ = {isa = PBXBuildFile; fileRef = F377847B4FC398C763A885EB /* Pods_GHKFont.framework */; };
		C566D5781DEECF45004E5EC5 /* Main_iPad2.storyboard in Resources */ = {isa = PBXBuildFile; fileRef = C566D5771DEECF45004E5EC5 /* Main_iPad2.storyboard */; };
		C56EC8F31DEF054A002823B7 /* LaunchScreen_iPad.storyboard in Resources */ = {isa = PBXBuildFile; fileRef = C56EC8F21DEF054A002823B7 /* LaunchScreen_iPad.storyboard */; };
		C5710FE11DE7BE37007639ED /* main.m in Sources */ = {isa = PBXBuildFile; fileRef = C5710FE01DE7BE37007639ED /* main.m */; };
		C5710FE41DE7BE38007639ED /* AppDelegate.m in Sources */ = {isa = PBXBuildFile; fileRef = C5710FE31DE7BE38007639ED /* AppDelegate.m */; };
		C5710FE71DE7BE38007639ED /* ViewController.m in Sources */ = {isa = PBXBuildFile; fileRef = C5710FE61DE7BE38007639ED /* ViewController.m */; };
		C5710FEA1DE7BE38007639ED /* Main.storyboard in Resources */ = {isa = PBXBuildFile; fileRef = C5710FE81DE7BE38007639ED /* Main.storyboard */; };
		C5710FEC1DE7BE39007639ED /* Assets.xcassets in Resources */ = {isa = PBXBuildFile; fileRef = C5710FEB1DE7BE39007639ED /* Assets.xcassets */; };
		C5710FEF1DE7BE3A007639ED /* LaunchScreen.storyboard in Resources */ = {isa = PBXBuildFile; fileRef = C5710FED1DE7BE3A007639ED /* LaunchScreen.storyboard */; };
		C5710FFA1DE7BE3F007639ED /* GHKFontTests.m in Sources */ = {isa = PBXBuildFile; fileRef = C5710FF91DE7BE3F007639ED /* GHKFontTests.m */; };
		C57110051DE7BE40007639ED /* GHKFontUITests.m in Sources */ = {isa = PBXBuildFile; fileRef = C57110041DE7BE40007639ED /* GHKFontUITests.m */; };
		C5B547C51DE88B51008614B3 /* ios.png in Resources */ = {isa = PBXBuildFile; fileRef = C5B547C41DE88B51008614B3 /* ios.png */; };
		C5B547C71DE88B74008614B3 /* ioslogo.png in Resources */ = {isa = PBXBuildFile; fileRef = C5B547C61DE88B74008614B3 /* ioslogo.png */; };
		C5CD58771DEE8642000017EA /* GoogleMobileAds.framework in Frameworks */ = {isa = PBXBuildFile; fileRef = C5CD58761DEE8642000017EA /* GoogleMobileAds.framework */; };
		C5CD587E1DEE865C000017EA /* FirebaseAnalytics.framework in Frameworks */ = {isa = PBXBuildFile; fileRef = C5CD58781DEE865C000017EA /* FirebaseAnalytics.framework */; };
		C5CD587F1DEE865C000017EA /* FirebaseCore.framework in Frameworks */ = {isa = PBXBuildFile; fileRef = C5CD58791DEE865C000017EA /* FirebaseCore.framework */; };
		C5CD58801DEE865C000017EA /* FirebaseInstanceID.framework in Frameworks */ = {isa = PBXBuildFile; fileRef = C5CD587A1DEE865C000017EA /* FirebaseInstanceID.framework */; };
		C5CD58811DEE865C000017EA /* GoogleInterchangeUtilities.framework in Frameworks */ = {isa = PBXBuildFile; fileRef = C5CD587B1DEE865C000017EA /* GoogleInterchangeUtilities.framework */; };
		C5CD58821DEE865C000017EA /* GoogleSymbolUtilities.framework in Frameworks */ = {isa = PBXBuildFile; fileRef = C5CD587C1DEE865C000017EA /* GoogleSymbolUtilities.framework */; };
		C5CD58831DEE865C000017EA /* GoogleToolboxForMac.framework in Frameworks */ = {isa = PBXBuildFile; fileRef = C5CD587D1DEE865C000017EA /* GoogleToolboxForMac.framework */; };
/* End PBXBuildFile section */

/* Begin PBXContainerItemProxy section */
		C5710FF61DE7BE3E007639ED /* PBXContainerItemProxy */ = {
			isa = PBXContainerItemProxy;
			containerPortal = C5710FD41DE7BE37007639ED /* Project object */;
			proxyType = 1;
			remoteGlobalIDString = C5710FDB1DE7BE37007639ED;
			remoteInfo = GHKFont;
		};
		C57110011DE7BE40007639ED /* PBXContainerItemProxy */ = {
			isa = PBXContainerItemProxy;
			containerPortal = C5710FD41DE7BE37007639ED /* Project object */;
			proxyType = 1;
			remoteGlobalIDString = C5710FDB1DE7BE37007639ED;
			remoteInfo = GHKFont;
		};
/* End PBXContainerItemProxy section */

/* Begin PBXFileReference section */
		1CF09727CA1F12349DB47F07 /* Pods_GHKFontUITests.framework */ = {isa = PBXFileReference; explicitFileType = wrapper.framework; includeInIndex = 0; path = Pods_GHKFontUITests.framework; sourceTree = BUILT_PRODUCTS_DIR; };
		9A7E8EA3BCA7FF06A9531802 /* Pods-GHKFont.release.xcconfig */ = {isa = PBXFileReference; includeInIndex = 1; lastKnownFileType = text.xcconfig; name = "Pods-GHKFont.release.xcconfig"; path = "Pods/Target Support Files/Pods-GHKFont/Pods-GHKFont.release.xcconfig"; sourceTree = "<group>"; };
		AB4D3C1224AD9E657972E25C /* Pods_GHKFontTests.framework */ = {isa = PBXFileReference; explicitFileType = wrapper.framework; includeInIndex = 0; path = Pods_GHKFontTests.framework; sourceTree = BUILT_PRODUCTS_DIR; };
		C1249A820321414D5BB07B7F /* Pods-GHKFontUITests.release.xcconfig */ = {isa = PBXFileReference; includeInIndex = 1; lastKnownFileType = text.xcconfig; name = "Pods-GHKFontUITests.release.xcconfig"; path = "Pods/Target Support Files/Pods-GHKFontUITests/Pods-GHKFontUITests.release.xcconfig"; sourceTree = "<group>"; };
		C566D5771DEECF45004E5EC5 /* Main_iPad2.storyboard */ = {isa = PBXFileReference; fileEncoding = 4; lastKnownFileType = file.storyboard; path = Main_iPad2.storyboard; sourceTree = "<group>"; };
		C56EC8F21DEF054A002823B7 /* LaunchScreen_iPad.storyboard */ = {isa = PBXFileReference; fileEncoding = 4; lastKnownFileType = file.storyboard; path = LaunchScreen_iPad.storyboard; sourceTree = "<group>"; };
		C5710FDC1DE7BE37007639ED /* GHKFont.app */ = {isa = PBXFileReference; explicitFileType = wrapper.application; includeInIndex = 0; path = GHKFont.app; sourceTree = BUILT_PRODUCTS_DIR; };
		C5710FE01DE7BE37007639ED /* main.m */ = {isa = PBXFileReference; lastKnownFileType = sourcecode.c.objc; path = main.m; sourceTree = "<group>"; };
		C5710FE21DE7BE38007639ED /* AppDelegate.h */ = {isa = PBXFileReference; lastKnownFileType = sourcecode.c.h; path = AppDelegate.h; sourceTree = "<group>"; };
		C5710FE31DE7BE38007639ED /* AppDelegate.m */ = {isa = PBXFileReference; lastKnownFileType = sourcecode.c.objc; path = AppDelegate.m; sourceTree = "<group>"; };
		C5710FE51DE7BE38007639ED /* ViewController.h */ = {isa = PBXFileReference; lastKnownFileType = sourcecode.c.h; path = ViewController.h; sourceTree = "<group>"; };
		C5710FE61DE7BE38007639ED /* ViewController.m */ = {isa = PBXFileReference; lastKnownFileType = sourcecode.c.objc; path = ViewController.m; sourceTree = "<group>"; };
		C5710FE91DE7BE38007639ED /* Base */ = {isa = PBXFileReference; lastKnownFileType = file.storyboard; name = Base; path = Base.lproj/Main.storyboard; sourceTree = "<group>"; };
		C5710FEB1DE7BE39007639ED /* Assets.xcassets */ = {isa = PBXFileReference; lastKnownFileType = folder.assetcatalog; path = Assets.xcassets; sourceTree = "<group>"; };
		C5710FEE1DE7BE3A007639ED /* Base */ = {isa = PBXFileReference; lastKnownFileType = file.storyboard; name = Base; path = Base.lproj/LaunchScreen.storyboard; sourceTree = "<group>"; };
		C5710FF01DE7BE3E007639ED /* Info.plist */ = {isa = PBXFileReference; lastKnownFileType = text.plist.xml; path = Info.plist; sourceTree = "<group>"; };
		C5710FF51DE7BE3E007639ED /* GHKFontTests.xctest */ = {isa = PBXFileReference; explicitFileType = wrapper.cfbundle; includeInIndex = 0; path = GHKFontTests.xctest; sourceTree = BUILT_PRODUCTS_DIR; };
		C5710FF91DE7BE3F007639ED /* GHKFontTests.m */ = {isa = PBXFileReference; lastKnownFileType = sourcecode.c.objc; path = GHKFontTests.m; sourceTree = "<group>"; };
		C5710FFB1DE7BE40007639ED /* Info.plist */ = {isa = PBXFileReference; lastKnownFileType = text.plist.xml; path = Info.plist; sourceTree = "<group>"; };
		C57110001DE7BE40007639ED /* GHKFontUITests.xctest */ = {isa = PBXFileReference; explicitFileType = wrapper.cfbundle; includeInIndex = 0; path = GHKFontUITests.xctest; sourceTree = BUILT_PRODUCTS_DIR; };
		C57110041DE7BE40007639ED /* GHKFontUITests.m */ = {isa = PBXFileReference; lastKnownFileType = sourcecode.c.objc; path = GHKFontUITests.m; sourceTree = "<group>"; };
		C57110061DE7BE40007639ED /* Info.plist */ = {isa = PBXFileReference; lastKnownFileType = text.plist.xml; path = Info.plist; sourceTree = "<group>"; };
		C5B547C41DE88B51008614B3 /* ios.png */ = {isa = PBXFileReference; lastKnownFileType = image.png; path = ios.png; sourceTree = SOURCE_ROOT; };
		C5B547C61DE88B74008614B3 /* ioslogo.png */ = {isa = PBXFileReference; lastKnownFileType = image.png; path = ioslogo.png; sourceTree = SOURCE_ROOT; };
		C5CD58761DEE8642000017EA /* GoogleMobileAds.framework */ = {isa = PBXFileReference; lastKnownFileType = wrapper.framework; path = GoogleMobileAds.framework; sourceTree = "<group>"; };
		C5CD58781DEE865C000017EA /* FirebaseAnalytics.framework */ = {isa = PBXFileReference; lastKnownFileType = wrapper.framework; path = FirebaseAnalytics.framework; sourceTree = "<group>"; };
		C5CD58791DEE865C000017EA /* FirebaseCore.framework */ = {isa = PBXFileReference; lastKnownFileType = wrapper.framework; path = FirebaseCore.framework; sourceTree = "<group>"; };
		C5CD587A1DEE865C000017EA /* FirebaseInstanceID.framework */ = {isa = PBXFileReference; lastKnownFileType = wrapper.framework; path = FirebaseInstanceID.framework; sourceTree = "<group>"; };
		C5CD587B1DEE865C000017EA /* GoogleInterchangeUtilities.framework */ = {isa = PBXFileReference; lastKnownFileType = wrapper.framework; path = GoogleInterchangeUtilities.framework; sourceTree = "<group>"; };
		C5CD587C1DEE865C000017EA /* GoogleSymbolUtilities.framework */ = {isa = PBXFileReference; lastKnownFileType = wrapper.framework; path = GoogleSymbolUtilities.framework; sourceTree = "<group>"; };
		C5CD587D1DEE865C000017EA /* GoogleToolboxForMac.framework */ = {isa = PBXFileReference; lastKnownFileType = wrapper.framework; path = GoogleToolboxForMac.framework; sourceTree = "<group>"; };
		EA0185528B4199B74170159B /* Pods-GHKFontUITests.debug.xcconfig */ = {isa = PBXFileReference; includeInIndex = 1; lastKnownFileType = text.xcconfig; name = "Pods-GHKFontUITests.debug.xcconfig"; path = "Pods/Target Support Files/Pods-GHKFontUITests/Pods-GHKFontUITests.debug.xcconfig"; sourceTree = "<group>"; };
		EBD6D4EBD6FD73D706F9674C /* Pods-GHKFontTests.release.xcconfig */ = {isa = PBXFileReference; includeInIndex = 1; lastKnownFileType = text.xcconfig; name = "Pods-GHKFontTests.release.xcconfig"; path = "Pods/Target Support Files/Pods-GHKFontTests/Pods-GHKFontTests.release.xcconfig"; sourceTree = "<group>"; };
		EF173B2716960168C20594CB /* Pods-GHKFontTests.debug.xcconfig */ = {isa = PBXFileReference; includeInIndex = 1; lastKnownFileType = text.xcconfig; name = "Pods-GHKFontTests.debug.xcconfig"; path = "Pods/Target Support Files/Pods-GHKFontTests/Pods-GHKFontTests.debug.xcconfig"; sourceTree = "<group>"; };
		F377847B4FC398C763A885EB /* Pods_GHKFont.framework */ = {isa = PBXFileReference; explicitFileType = wrapper.framework; includeInIndex = 0; path = Pods_GHKFont.framework; sourceTree = BUILT_PRODUCTS_DIR; };
		F4920B913F3335B97B3806BD /* Pods-GHKFont.debug.xcconfig */ = {isa = PBXFileReference; includeInIndex = 1; lastKnownFileType = text.xcconfig; name = "Pods-GHKFont.debug.xcconfig"; path = "Pods/Target Support Files/Pods-GHKFont/Pods-GHKFont.debug.xcconfig"; sourceTree = "<group>"; };
/* End PBXFileReference section */

/* Begin PBXFrameworksBuildPhase section */
		C5710FD91DE7BE37007639ED /* Frameworks */ = {
			isa = PBXFrameworksBuildPhase;
			buildActionMask = 2147483647;
			files = (
				C5CD587F1DEE865C000017EA /* FirebaseCore.framework in Frameworks */,
				C5CD58771DEE8642000017EA /* GoogleMobileAds.framework in Frameworks */,
				C5CD58801DEE865C000017EA /* FirebaseInstanceID.framework in Frameworks */,
				C5CD58821DEE865C000017EA /* GoogleSymbolUtilities.framework in Frameworks */,
				C5CD58811DEE865C000017EA /* GoogleInterchangeUtilities.framework in Frameworks */,
				C5CD58831DEE865C000017EA /* GoogleToolboxForMac.framework in Frameworks */,
				B0D8F30E71CF747F1F30A038 /* Pods_GHKFont.framework in Frameworks */,
				C5CD587E1DEE865C000017EA /* FirebaseAnalytics.framework in Frameworks */,
			);
			runOnlyForDeploymentPostprocessing = 0;
		};
		C5710FF21DE7BE3E007639ED /* Frameworks */ = {
			isa = PBXFrameworksBuildPhase;
			buildActionMask = 2147483647;
			files = (
				61172A6C4DBE2484A063EAC3 /* Pods_GHKFontTests.framework in Frameworks */,
			);
			runOnlyForDeploymentPostprocessing = 0;
		};
		C5710FFD1DE7BE40007639ED /* Frameworks */ = {
			isa = PBXFrameworksBuildPhase;
			buildActionMask = 2147483647;
			files = (
				8D8E7E11E5EC4B9602A42967 /* Pods_GHKFontUITests.framework in Frameworks */,
			);
			runOnlyForDeploymentPostprocessing = 0;
		};
/* End PBXFrameworksBuildPhase section */

/* Begin PBXGroup section */
		0F2757506D1482819C2FB084 /* Frameworks */ = {
			isa = PBXGroup;
			children = (
				C5CD58781DEE865C000017EA /* FirebaseAnalytics.framework */,
				C5CD58791DEE865C000017EA /* FirebaseCore.framework */,
				C5CD587A1DEE865C000017EA /* FirebaseInstanceID.framework */,
				C5CD587B1DEE865C000017EA /* GoogleInterchangeUtilities.framework */,
				C5CD587C1DEE865C000017EA /* GoogleSymbolUtilities.framework */,
				C5CD587D1DEE865C000017EA /* GoogleToolboxForMac.framework */,
				C5CD58761DEE8642000017EA /* GoogleMobileAds.framework */,
				F377847B4FC398C763A885EB /* Pods_GHKFont.framework */,
				AB4D3C1224AD9E657972E25C /* Pods_GHKFontTests.framework */,
				1CF09727CA1F12349DB47F07 /* Pods_GHKFontUITests.framework */,
			);
			name = Frameworks;
			sourceTree = "<group>";
		};
		75927950D6EF3126F13BE3D7 /* Pods */ = {
			isa = PBXGroup;
			children = (
				F4920B913F3335B97B3806BD /* Pods-GHKFont.debug.xcconfig */,
				9A7E8EA3BCA7FF06A9531802 /* Pods-GHKFont.release.xcconfig */,
				EF173B2716960168C20594CB /* Pods-GHKFontTests.debug.xcconfig */,
				EBD6D4EBD6FD73D706F9674C /* Pods-GHKFontTests.release.xcconfig */,
				EA0185528B4199B74170159B /* Pods-GHKFontUITests.debug.xcconfig */,
				C1249A820321414D5BB07B7F /* Pods-GHKFontUITests.release.xcconfig */,
			);
			name = Pods;
			sourceTree = "<group>";
		};
		C5710FD31DE7BE37007639ED = {
			isa = PBXGroup;
			children = (
				C5710FDE1DE7BE37007639ED /* GHKFont */,
				C5710FF81DE7BE3E007639ED /* GHKFontTests */,
				C57110031DE7BE40007639ED /* GHKFontUITests */,
				C5710FDD1DE7BE37007639ED /* Products */,
				75927950D6EF3126F13BE3D7 /* Pods */,
				0F2757506D1482819C2FB084 /* Frameworks */,
			);
			sourceTree = "<group>";
		};
		C5710FDD1DE7BE37007639ED /* Products */ = {
			isa = PBXGroup;
			children = (
				C5710FDC1DE7BE37007639ED /* GHKFont.app */,
				C5710FF51DE7BE3E007639ED /* GHKFontTests.xctest */,
				C57110001DE7BE40007639ED /* GHKFontUITests.xctest */,
			);
			name = Products;
			sourceTree = "<group>";
		};
		C5710FDE1DE7BE37007639ED /* GHKFont */ = {
			isa = PBXGroup;
			children = (
				C5B547C61DE88B74008614B3 /* ioslogo.png */,
				C5B547C41DE88B51008614B3 /* ios.png */,
				C5710FE21DE7BE38007639ED /* AppDelegate.h */,
				C5710FE31DE7BE38007639ED /* AppDelegate.m */,
				C5710FE51DE7BE38007639ED /* ViewController.h */,
				C5710FE61DE7BE38007639ED /* ViewController.m */,
				C5710FE81DE7BE38007639ED /* Main.storyboard */,
				C566D5771DEECF45004E5EC5 /* Main_iPad2.storyboard */,
				C5710FEB1DE7BE39007639ED /* Assets.xcassets */,
				C5710FED1DE7BE3A007639ED /* LaunchScreen.storyboard */,
				C5710FF01DE7BE3E007639ED /* Info.plist */,
				C5710FDF1DE7BE37007639ED /* Supporting Files */,
				C56EC8F21DEF054A002823B7 /* LaunchScreen_iPad.storyboard */,
			);
			path = GHKFont;
			sourceTree = "<group>";
		};
		C5710FDF1DE7BE37007639ED /* Supporting Files */ = {
			isa = PBXGroup;
			children = (
				C5710FE01DE7BE37007639ED /* main.m */,
			);
			name = "Supporting Files";
			sourceTree = "<group>";
		};
		C5710FF81DE7BE3E007639ED /* GHKFontTests */ = {
			isa = PBXGroup;
			children = (
				C5710FF91DE7BE3F007639ED /* GHKFontTests.m */,
				C5710FFB1DE7BE40007639ED /* Info.plist */,
			);
			path = GHKFontTests;
			sourceTree = "<group>";
		};
		C57110031DE7BE40007639ED /* GHKFontUITests */ = {
			isa = PBXGroup;
			children = (
				C57110041DE7BE40007639ED /* GHKFontUITests.m */,
				C57110061DE7BE40007639ED /* Info.plist */,
			);
			path = GHKFontUITests;
			sourceTree = "<group>";
		};
/* End PBXGroup section */

/* Begin PBXNativeTarget section */
		C5710FDB1DE7BE37007639ED /* GHKFont */ = {
			isa = PBXNativeTarget;
			buildConfigurationList = C57110091DE7BE40007639ED /* Build configuration list for PBXNativeTarget "GHKFont" */;
			buildPhases = (
				10B59C266A7494A50488998F /* [CP] Check Pods Manifest.lock */,
				C5710FD81DE7BE37007639ED /* Sources */,
				C5710FD91DE7BE37007639ED /* Frameworks */,
				C5710FDA1DE7BE37007639ED /* Resources */,
				B4ACC997E01885A82432A0B0 /* [CP] Embed Pods Frameworks */,
				0C7724E195AC034505A02C5A /* [CP] Copy Pods Resources */,
			);
			buildRules = (
			);
			dependencies = (
			);
			name = GHKFont;
			productName = GHKFont;
			productReference = C5710FDC1DE7BE37007639ED /* GHKFont.app */;
			productType = "com.apple.product-type.application";
		};
		C5710FF41DE7BE3E007639ED /* GHKFontTests */ = {
			isa = PBXNativeTarget;
			buildConfigurationList = C571100C1DE7BE40007639ED /* Build configuration list for PBXNativeTarget "GHKFontTests" */;
			buildPhases = (
				03A93BAADF665CE147C434B2 /* [CP] Check Pods Manifest.lock */,
				C5710FF11DE7BE3E007639ED /* Sources */,
				C5710FF21DE7BE3E007639ED /* Frameworks */,
				C5710FF31DE7BE3E007639ED /* Resources */,
				061E231F45B08B0E8D364760 /* [CP] Embed Pods Frameworks */,
				5601A5B33E5E1053A11D1398 /* [CP] Copy Pods Resources */,
			);
			buildRules = (
			);
			dependencies = (
				C5710FF71DE7BE3E007639ED /* PBXTargetDependency */,
			);
			name = GHKFontTests;
			productName = GHKFontTests;
			productReference = C5710FF51DE7BE3E007639ED /* GHKFontTests.xctest */;
			productType = "com.apple.product-type.bundle.unit-test";
		};
		C5710FFF1DE7BE40007639ED /* GHKFontUITests */ = {
			isa = PBXNativeTarget;
			buildConfigurationList = C571100F1DE7BE40007639ED /* Build configuration list for PBXNativeTarget "GHKFontUITests" */;
			buildPhases = (
				7C1A1B30BC80BF870961416A /* [CP] Check Pods Manifest.lock */,
				C5710FFC1DE7BE40007639ED /* Sources */,
				C5710FFD1DE7BE40007639ED /* Frameworks */,
				C5710FFE1DE7BE40007639ED /* Resources */,
				087C3EE770CDFDE32CEA6471 /* [CP] Embed Pods Frameworks */,
				4007BC68663B4252827C7C7D /* [CP] Copy Pods Resources */,
			);
			buildRules = (
			);
			dependencies = (
				C57110021DE7BE40007639ED /* PBXTargetDependency */,
			);
			name = GHKFontUITests;
			productName = GHKFontUITests;
			productReference = C57110001DE7BE40007639ED /* GHKFontUITests.xctest */;
			productType = "com.apple.product-type.bundle.ui-testing";
		};
/* End PBXNativeTarget section */

/* Begin PBXProject section */
		C5710FD41DE7BE37007639ED /* Project object */ = {
			isa = PBXProject;
			attributes = {
				LastUpgradeCheck = 0730;
				ORGANIZATIONNAME = saipha;
				TargetAttributes = {
					C5710FDB1DE7BE37007639ED = {
						CreatedOnToolsVersion = 7.3.1;
					};
					C5710FF41DE7BE3E007639ED = {
						CreatedOnToolsVersion = 7.3.1;
						TestTargetID = C5710FDB1DE7BE37007639ED;
					};
					C5710FFF1DE7BE40007639ED = {
						CreatedOnToolsVersion = 7.3.1;
						TestTargetID = C5710FDB1DE7BE37007639ED;
					};
				};
			};
			buildConfigurationList = C5710FD71DE7BE37007639ED /* Build configuration list for PBXProject "GHKFont" */;
			compatibilityVersion = "Xcode 3.2";
			developmentRegion = English;
			hasScannedForEncodings = 0;
			knownRegions = (
				en,
				Base,
			);
			mainGroup = C5710FD31DE7BE37007639ED;
			productRefGroup = C5710FDD1DE7BE37007639ED /* Products */;
			projectDirPath = "";
			projectRoot = "";
			targets = (
				C5710FDB1DE7BE37007639ED /* GHKFont */,
				C5710FF41DE7BE3E007639ED /* GHKFontTests */,
				C5710FFF1DE7BE40007639ED /* GHKFontUITests */,
			);
		};
/* End PBXProject section */

/* Begin PBXResourcesBuildPhase section */
		C5710FDA1DE7BE37007639ED /* Resources */ = {
			isa = PBXResourcesBuildPhase;
			buildActionMask = 2147483647;
			files = (
				C56EC8F31DEF054A002823B7 /* LaunchScreen_iPad.storyboard in Resources */,
				C5710FEF1DE7BE3A007639ED /* LaunchScreen.storyboard in Resources */,
				C5B547C51DE88B51008614B3 /* ios.png in Resources */,
				C566D5781DEECF45004E5EC5 /* Main_iPad2.storyboard in Resources */,
				C5710FEC1DE7BE39007639ED /* Assets.xcassets in Resources */,
				C5710FEA1DE7BE38007639ED /* Main.storyboard in Resources */,
				C5B547C71DE88B74008614B3 /* ioslogo.png in Resources */,
			);
			runOnlyForDeploymentPostprocessing = 0;
		};
		C5710FF31DE7BE3E007639ED /* Resources */ = {
			isa = PBXResourcesBuildPhase;
			buildActionMask = 2147483647;
			files = (
			);
			runOnlyForDeploymentPostprocessing = 0;
		};
		C5710FFE1DE7BE40007639ED /* Resources */ = {
			isa = PBXResourcesBuildPhase;
			buildActionMask = 2147483647;
			files = (
			);
			runOnlyForDeploymentPostprocessing = 0;
		};
/* End PBXResourcesBuildPhase section */

/* Begin PBXShellScriptBuildPhase section */
		03A93BAADF665CE147C434B2 /* [CP] Check Pods Manifest.lock */ = {
			isa = PBXShellScriptBuildPhase;
			buildActionMask = 2147483647;
			files = (
			);
			inputPaths = (
			);
			name = "[CP] Check Pods Manifest.lock";
			outputPaths = (
			);
			runOnlyForDeploymentPostprocessing = 0;
			shellPath = /bin/sh;
			shellScript = "diff \"${PODS_ROOT}/../Podfile.lock\" \"${PODS_ROOT}/Manifest.lock\" > /dev/null\nif [ $? != 0 ] ; then\n    # print error to STDERR\n    echo \"error: The sandbox is not in sync with the Podfile.lock. Run 'pod install' or update your CocoaPods installation.\" >&2\n    exit 1\nfi\n";
			showEnvVarsInLog = 0;
		};
		061E231F45B08B0E8D364760 /* [CP] Embed Pods Frameworks */ = {
			isa = PBXShellScriptBuildPhase;
			buildActionMask = 2147483647;
			files = (
			);
			inputPaths = (
			);
			name = "[CP] Embed Pods Frameworks";
			outputPaths = (
			);
			runOnlyForDeploymentPostprocessing = 0;
			shellPath = /bin/sh;
			shellScript = "\"${SRCROOT}/Pods/Target Support Files/Pods-GHKFontTests/Pods-GHKFontTests-frameworks.sh\"\n";
			showEnvVarsInLog = 0;
		};
		087C3EE770CDFDE32CEA6471 /* [CP] Embed Pods Frameworks */ = {
			isa = PBXShellScriptBuildPhase;
			buildActionMask = 2147483647;
			files = (
			);
			inputPaths = (
			);
			name = "[CP] Embed Pods Frameworks";
			outputPaths = (
			);
			runOnlyForDeploymentPostprocessing = 0;
			shellPath = /bin/sh;
			shellScript = "\"${SRCROOT}/Pods/Target Support Files/Pods-GHKFontUITests/Pods-GHKFontUITests-frameworks.sh\"\n";
			showEnvVarsInLog = 0;
		};
		0C7724E195AC034505A02C5A /* [CP] Copy Pods Resources */ = {
			isa = PBXShellScriptBuildPhase;
			buildActionMask = 2147483647;
			files = (
			);
			inputPaths = (
			);
			name = "[CP] Copy Pods Resources";
			outputPaths = (
			);
			runOnlyForDeploymentPostprocessing = 0;
			shellPath = /bin/sh;
			shellScript = "\"${SRCROOT}/Pods/Target Support Files/Pods-GHKFont/Pods-GHKFont-resources.sh\"\n";
			showEnvVarsInLog = 0;
		};
		10B59C266A7494A50488998F /* [CP] Check Pods Manifest.lock */ = {
			isa = PBXShellScriptBuildPhase;
			buildActionMask = 2147483647;
			files = (
			);
			inputPaths = (
			);
			name = "[CP] Check Pods Manifest.lock";
			outputPaths = (
			);
			runOnlyForDeploymentPostprocessing = 0;
			shellPath = /bin/sh;
			shellScript = "diff \"${PODS_ROOT}/../Podfile.lock\" \"${PODS_ROOT}/Manifest.lock\" > /dev/null\nif [ $? != 0 ] ; then\n    # print error to STDERR\n    echo \"error: The sandbox is not in sync with the Podfile.lock. Run 'pod install' or update your CocoaPods installation.\" >&2\n    exit 1\nfi\n";
			showEnvVarsInLog = 0;
		};
		4007BC68663B4252827C7C7D /* [CP] Copy Pods Resources */ = {
			isa = PBXShellScriptBuildPhase;
			buildActionMask = 2147483647;
			files = (
			);
			inputPaths = (
			);
			name = "[CP] Copy Pods Resources";
			outputPaths = (
			);
			runOnlyForDeploymentPostprocessing = 0;
			shellPath = /bin/sh;
			shellScript = "\"${SRCROOT}/Pods/Target Support Files/Pods-GHKFontUITests/Pods-GHKFontUITests-resources.sh\"\n";
			showEnvVarsInLog = 0;
		};
		5601A5B33E5E1053A11D1398 /* [CP] Copy Pods Resources */ = {
			isa = PBXShellScriptBuildPhase;
			buildActionMask = 2147483647;
			files = (
			);
			inputPaths = (
			);
			name = "[CP] Copy Pods Resources";
			outputPaths = (
			);
			runOnlyForDeploymentPostprocessing = 0;
			shellPath = /bin/sh;
			shellScript = "\"${SRCROOT}/Pods/Target Support Files/Pods-GHKFontTests/Pods-GHKFontTests-resources.sh\"\n";
			showEnvVarsInLog = 0;
		};
		7C1A1B30BC80BF870961416A /* [CP] Check Pods Manifest.lock */ = {
			isa = PBXShellScriptBuildPhase;
			buildActionMask = 2147483647;
			files = (
			);
			inputPaths = (
			);
			name = "[CP] Check Pods Manifest.lock";
			outputPaths = (
			);
			runOnlyForDeploymentPostprocessing = 0;
			shellPath = /bin/sh;
			shellScript = "diff \"${PODS_ROOT}/../Podfile.lock\" \"${PODS_ROOT}/Manifest.lock\" > /dev/null\nif [ $? != 0 ] ; then\n    # print error to STDERR\n    echo \"error: The sandbox is not in sync with the Podfile.lock. Run 'pod install' or update your CocoaPods installation.\" >&2\n    exit 1\nfi\n";
			showEnvVarsInLog = 0;
		};
		B4ACC997E01885A82432A0B0 /* [CP] Embed Pods Frameworks */ = {
			isa = PBXShellScriptBuildPhase;
			buildActionMask = 2147483647;
			files = (
			);
			inputPaths = (
			);
			name = "[CP] Embed Pods Frameworks";
			outputPaths = (
			);
			runOnlyForDeploymentPostprocessing = 0;
			shellPath = /bin/sh;
			shellScript = "\"${SRCROOT}/Pods/Target Support Files/Pods-GHKFont/Pods-GHKFont-frameworks.sh\"\n";
			showEnvVarsInLog = 0;
		};
/* End PBXShellScriptBuildPhase section */

/* Begin PBXSourcesBuildPhase section */
		C5710FD81DE7BE37007639ED /* Sources */ = {
			isa = PBXSourcesBuildPhase;
			buildActionMask = 2147483647;
			files = (
				C5710FE71DE7BE38007639ED /* ViewController.m in Sources */,
				C5710FE41DE7BE38007639ED /* AppDelegate.m in Sources */,
				C5710FE11DE7BE37007639ED /* main.m in Sources */,
			);
			runOnlyForDeploymentPostprocessing = 0;
		};
		C5710FF11DE7BE3E007639ED /* Sources */ = {
			isa = PBXSourcesBuildPhase;
			buildActionMask = 2147483647;
			files = (
				C5710FFA1DE7BE3F007639ED /* GHKFontTests.m in Sources */,
			);
			runOnlyForDeploymentPostprocessing = 0;
		};
		C5710FFC1DE7BE40007639ED /* Sources */ = {
			isa = PBXSourcesBuildPhase;
			buildActionMask = 2147483647;
			files = (
				C57110051DE7BE40007639ED /* GHKFontUITests.m in Sources */,
			);
			runOnlyForDeploymentPostprocessing = 0;
		};
/* End PBXSourcesBuildPhase section */

/* Begin PBXTargetDependency section */
		C5710FF71DE7BE3E007639ED /* PBXTargetDependency */ = {
			isa = PBXTargetDependency;
			target = C5710FDB1DE7BE37007639ED /* GHKFont */;
			targetProxy = C5710FF61DE7BE3E007639ED /* PBXContainerItemProxy */;
		};
		C57110021DE7BE40007639ED /* PBXTargetDependency */ = {
			isa = PBXTargetDependency;
			target = C5710FDB1DE7BE37007639ED /* GHKFont */;
			targetProxy = C57110011DE7BE40007639ED /* PBXContainerItemProxy */;
		};
/* End PBXTargetDependency section */

/* Begin PBXVariantGroup section */
		C5710FE81DE7BE38007639ED /* Main.storyboard */ = {
			isa = PBXVariantGroup;
			children = (
				C5710FE91DE7BE38007639ED /* Base */,
			);
			name = Main.storyboard;
			sourceTree = "<group>";
		};
		C5710FED1DE7BE3A007639ED /* LaunchScreen.storyboard */ = {
			isa = PBXVariantGroup;
			children = (
				C5710FEE1DE7BE3A007639ED /* Base */,
			);
			name = LaunchScreen.storyboard;
			sourceTree = "<group>";
		};
/* End PBXVariantGroup section */

/* Begin XCBuildConfiguration section */
		C57110071DE7BE40007639ED /* Debug */ = {
			isa = XCBuildConfiguration;
			buildSettings = {
				ALWAYS_SEARCH_USER_PATHS = NO;
				CLANG_ANALYZER_NONNULL = YES;
				CLANG_CXX_LANGUAGE_STANDARD = "gnu++0x";
				CLANG_CXX_LIBRARY = "libc++";
				CLANG_ENABLE_MODULES = YES;
				CLANG_ENABLE_OBJC_ARC = YES;
				CLANG_WARN_BOOL_CONVERSION = YES;
				CLANG_WARN_CONSTANT_CONVERSION = YES;
				CLANG_WARN_DIRECT_OBJC_ISA_USAGE = YES_ERROR;
				CLANG_WARN_EMPTY_BODY = YES;
				CLANG_WARN_ENUM_CONVERSION = YES;
				CLANG_WARN_INT_CONVERSION = YES;
				CLANG_WARN_OBJC_ROOT_CLASS = YES_ERROR;
				CLANG_WARN_UNREACHABLE_CODE = YES;
				CLANG_WARN__DUPLICATE_METHOD_MATCH = YES;
				"CODE_SIGN_IDENTITY[sdk=iphoneos*]" = "iPhone Developer";
				COPY_PHASE_STRIP = NO;
				DEBUG_INFORMATION_FORMAT = dwarf;
				ENABLE_STRICT_OBJC_MSGSEND = YES;
				ENABLE_TESTABILITY = YES;
				GCC_C_LANGUAGE_STANDARD = gnu99;
				GCC_DYNAMIC_NO_PIC = NO;
				GCC_NO_COMMON_BLOCKS = YES;
				GCC_OPTIMIZATION_LEVEL = 0;
				GCC_PREPROCESSOR_DEFINITIONS = (
					"DEBUG=1",
					"$(inherited)",
				);
				GCC_WARN_64_TO_32_BIT_CONVERSION = YES;
				GCC_WARN_ABOUT_RETURN_TYPE = YES_ERROR;
				GCC_WARN_UNDECLARED_SELECTOR = YES;
				GCC_WARN_UNINITIALIZED_AUTOS = YES_AGGRESSIVE;
				GCC_WARN_UNUSED_FUNCTION = YES;
				GCC_WARN_UNUSED_VARIABLE = YES;
				IPHONEOS_DEPLOYMENT_TARGET = 9.3;
				MTL_ENABLE_DEBUG_INFO = YES;
				ONLY_ACTIVE_ARCH = YES;
				SDKROOT = iphoneos;
				TARGETED_DEVICE_FAMILY = "1,2";
			};
			name = Debug;
		};
		C57110081DE7BE40007639ED /* Release */ = {
			isa = XCBuildConfiguration;
			buildSettings = {
				ALWAYS_SEARCH_USER_PATHS = NO;
				CLANG_ANALYZER_NONNULL = YES;
				CLANG_CXX_LANGUAGE_STANDARD = "gnu++0x";
				CLANG_CXX_LIBRARY = "libc++";
				CLANG_ENABLE_MODULES = YES;
				CLANG_ENABLE_OBJC_ARC = YES;
				CLANG_WARN_BOOL_CONVERSION = YES;
				CLANG_WARN_CONSTANT_CONVERSION = YES;
				CLANG_WARN_DIRECT_OBJC_ISA_USAGE = YES_ERROR;
				CLANG_WARN_EMPTY_BODY = YES;
				CLANG_WARN_ENUM_CONVERSION = YES;
				CLANG_WARN_INT_CONVERSION = YES;
				CLANG_WARN_OBJC_ROOT_CLASS = YES_ERROR;
				CLANG_WARN_UNREACHABLE_CODE = YES;
				CLANG_WARN__DUPLICATE_METHOD_MATCH = YES;
				"CODE_SIGN_IDENTITY[sdk=iphoneos*]" = "iPhone Developer";
				COPY_PHASE_STRIP = NO;
				DEBUG_INFORMATION_FORMAT = "dwarf-with-dsym";
				ENABLE_NS_ASSERTIONS = NO;
				ENABLE_STRICT_OBJC_MSGSEND = YES;
				GCC_C_LANGUAGE_STANDARD = gnu99;
				GCC_NO_COMMON_BLOCKS = YES;
				GCC_WARN_64_TO_32_BIT_CONVERSION = YES;
				GCC_WARN_ABOUT_RETURN_TYPE = YES_ERROR;
				GCC_WARN_UNDECLARED_SELECTOR = YES;
				GCC_WARN_UNINITIALIZED_AUTOS = YES_AGGRESSIVE;
				GCC_WARN_UNUSED_FUNCTION = YES;
				GCC_WARN_UNUSED_VARIABLE = YES;
				IPHONEOS_DEPLOYMENT_TARGET = 9.3;
				MTL_ENABLE_DEBUG_INFO = NO;
				SDKROOT = iphoneos;
				TARGETED_DEVICE_FAMILY = "1,2";
				VALIDATE_PRODUCT = YES;
			};
			name = Release;
		};
		C571100A1DE7BE40007639ED /* Debug */ = {
			isa = XCBuildConfiguration;
			baseConfigurationReference = F4920B913F3335B97B3806BD /* Pods-GHKFont.debug.xcconfig */;
			buildSettings = {
				ASSETCATALOG_COMPILER_APPICON_NAME = AppIcon;
				FRAMEWORK_SEARCH_PATHS = (
					"$(inherited)",
					"$(PROJECT_DIR)",
				);
				INFOPLIST_FILE = GHKFont/Info.plist;
				LD_RUNPATH_SEARCH_PATHS = "$(inherited) @executable_path/Frameworks";
				PRODUCT_BUNDLE_IDENTIFIER = com.greathorkham.GHKFont;
				PRODUCT_NAME = "$(TARGET_NAME)";
			};
			name = Debug;
		};
		C571100B1DE7BE40007639ED /* Release */ = {
			isa = XCBuildConfiguration;
			baseConfigurationReference = 9A7E8EA3BCA7FF06A9531802 /* Pods-GHKFont.release.xcconfig */;
			buildSettings = {
				ASSETCATALOG_COMPILER_APPICON_NAME = AppIcon;
				FRAMEWORK_SEARCH_PATHS = (
					"$(inherited)",
					"$(PROJECT_DIR)",
				);
				INFOPLIST_FILE = GHKFont/Info.plist;
				LD_RUNPATH_SEARCH_PATHS = "$(inherited) @executable_path/Frameworks";
				PRODUCT_BUNDLE_IDENTIFIER = com.greathorkham.GHKFont;
				PRODUCT_NAME = "$(TARGET_NAME)";
			};
			name = Release;
		};
		C571100D1DE7BE40007639ED /* Debug */ = {
			isa = XCBuildConfiguration;
			baseConfigurationReference = EF173B2716960168C20594CB /* Pods-GHKFontTests.debug.xcconfig */;
			buildSettings = {
				BUNDLE_LOADER = "$(TEST_HOST)";
				INFOPLIST_FILE = GHKFontTests/Info.plist;
				LD_RUNPATH_SEARCH_PATHS = "$(inherited) @executable_path/Frameworks @loader_path/Frameworks";
				PRODUCT_BUNDLE_IDENTIFIER = com.greathorkham.GHKFontTests;
				PRODUCT_NAME = "$(TARGET_NAME)";
				TEST_HOST = "$(BUILT_PRODUCTS_DIR)/GHKFont.app/GHKFont";
			};
			name = Debug;
		};
		C571100E1DE7BE40007639ED /* Release */ = {
			isa = XCBuildConfiguration;
			baseConfigurationReference = EBD6D4EBD6FD73D706F9674C /* Pods-GHKFontTests.release.xcconfig */;
			buildSettings = {
				BUNDLE_LOADER = "$(TEST_HOST)";
				INFOPLIST_FILE = GHKFontTests/Info.plist;
				LD_RUNPATH_SEARCH_PATHS = "$(inherited) @executable_path/Frameworks @loader_path/Frameworks";
				PRODUCT_BUNDLE_IDENTIFIER = com.greathorkham.GHKFontTests;
				PRODUCT_NAME = "$(TARGET_NAME)";
				TEST_HOST = "$(BUILT_PRODUCTS_DIR)/GHKFont.app/GHKFont";
			};
			name = Release;
		};
		C57110101DE7BE40007639ED /* Debug */ = {
			isa = XCBuildConfiguration;
			baseConfigurationReference = EA0185528B4199B74170159B /* Pods-GHKFontUITests.debug.xcconfig */;
			buildSettings = {
				INFOPLIST_FILE = GHKFontUITests/Info.plist;
				LD_RUNPATH_SEARCH_PATHS = "$(inherited) @executable_path/Frameworks @loader_path/Frameworks";
				PRODUCT_BUNDLE_IDENTIFIER = com.greathorkham.GHKFontUITests;
				PRODUCT_NAME = "$(TARGET_NAME)";
				TEST_TARGET_NAME = GHKFont;
			};
			name = Debug;
		};
		C57110111DE7BE40007639ED /* Release */ = {
			isa = XCBuildConfiguration;
			baseConfigurationReference = C1249A820321414D5BB07B7F /* Pods-GHKFontUITests.release.xcconfig */;
			buildSettings = {
				INFOPLIST_FILE = GHKFontUITests/Info.plist;
				LD_RUNPATH_SEARCH_PATHS = "$(inherited) @executable_path/Frameworks @loader_path/Frameworks";
				PRODUCT_BUNDLE_IDENTIFIER = com.greathorkham.GHKFontUITests;
				PRODUCT_NAME = "$(TARGET_NAME)";
				TEST_TARGET_NAME = GHKFont;
			};
			name = Release;
		};
/* End XCBuildConfiguration section */

/* Begin XCConfigurationList section */
		C5710FD71DE7BE37007639ED /* Build configuration list for PBXProject "GHKFont" */ = {
			isa = XCConfigurationList;
			buildConfigurations = (
				C57110071DE7BE40007639ED /* Debug */,
				C57110081DE7BE40007639ED /* Release */,
			);
			defaultConfigurationIsVisible = 0;
			defaultConfigurationName = Release;
		};
		C57110091DE7BE40007639ED /* Build configuration list for PBXNativeTarget "GHKFont" */ = {
			isa = XCConfigurationList;
			buildConfigurations = (
				C571100A1DE7BE40007639ED /* Debug */,
				C571100B1DE7BE40007639ED /* Release */,
			);
			defaultConfigurationIsVisible = 0;
			defaultConfigurationName = Release;
		};
		C571100C1DE7BE40007639ED /* Build configuration list for PBXNativeTarget "GHKFontTests" */ = {
			isa = XCConfigurationList;
			buildConfigurations = (
				C571100D1DE7BE40007639ED /* Debug */,
				C571100E1DE7BE40007639ED /* Release */,
			);
			defaultConfigurationIsVisible = 0;
			defaultConfigurationName = Release;
		};
		C571100F1DE7BE40007639ED /* Build configuration list for PBXNativeTarget "GHKFontUITests" */ = {
			isa = XCConfigurationList;
			buildConfigurations = (
				C57110101DE7BE40007639ED /* Debug */,
				C57110111DE7BE40007639ED /* Release */,
			);
			defaultConfigurationIsVisible = 0;
			defaultConfigurationName = Release;
		};
/* End XCConfigurationList section */
	};
	rootObject = C5710FD41DE7BE37007639ED /* Project object */;
}
